
Microsoft Visual Studio Solution File, Format Version 12.00
# Visual Studio Version 17
VisualStudioVersion = 17.5.2.0
MinimumVisualStudioVersion = 10.0.40219.1
Project("{FAE04EC0-301F-11D3-BF4B-00C04F79EFBC}") = "parteGianluca", "parteGianluca\parteGianluca.csproj", "{64292A4B-1118-869C-7033-9FBADA830F17}"
EndProject
Project("{2150E333-8FDC-42A3-9474-1A3956D46DE8}") = "esercizioGruppo_Corsi", "esercizioGruppo_Corsi", "{4678700B-536D-515F-9A91-B7DEFAA75AB7}"
EndProject
Global
	GlobalSection(SolutionConfigurationPlatforms) = preSolution
		Debug|Any CPU = Debug|Any CPU
		Debug|x64 = Debug|x64
		Debug|x86 = Debug|x86
		Release|Any CPU = Release|Any CPU
		Release|x64 = Release|x64
		Release|x86 = Release|x86
	EndGlobalSection
	GlobalSection(ProjectConfigurationPlatforms) = postSolution
		{64292A4B-1118-869C-7033-9FBADA830F17}.Debug|Any CPU.ActiveCfg = Debug|Any CPU
		{64292A4B-1118-869C-7033-9FBADA830F17}.Debug|Any CPU.Build.0 = Debug|Any CPU
		{64292A4B-1118-869C-7033-9FBADA830F17}.Debug|x64.ActiveCfg = Debug|Any CPU
		{64292A4B-1118-869C-7033-9FBADA830F17}.Debug|x64.Build.0 = Debug|Any CPU
		{64292A4B-1118-869C-7033-9FBADA830F17}.Debug|x86.ActiveCfg = Debug|Any CPU
		{64292A4B-1118-869C-7033-9FBADA830F17}.Debug|x86.Build.0 = Debug|Any CPU
		{64292A4B-1118-869C-7033-9FBADA830F17}.Release|Any CPU.ActiveCfg = Release|Any CPU
		{64292A4B-1118-869C-7033-9FBADA830F17}.Release|Any CPU.Build.0 = Release|Any CPU
		{64292A4B-1118-869C-7033-9FBADA830F17}.Release|x64.ActiveCfg = Release|Any CPU
		{64292A4B-1118-869C-7033-9FBADA830F17}.Release|x64.Build.0 = Release|Any CPU
		{64292A4B-1118-869C-7033-9FBADA830F17}.Release|x86.ActiveCfg = Release|Any CPU
		{64292A4B-1118-869C-7033-9FBADA830F17}.Release|x86.Build.0 = Release|Any CPU
	EndGlobalSection
	GlobalSection(SolutionProperties) = preSolution
		HideSolutionNode = FALSE
	EndGlobalSection
	GlobalSection(ExtensibilityGlobals) = postSolution
		SolutionGuid = {266E2A83-25C0-4103-9886-B859973AD6CC}
	EndGlobalSection
EndGlobal
